// !$*UTF8*$!
{
	archiveVersion = 1;
	classes = {
	};
	objectVersion = 55;
	objects = {

/* Begin PBXBuildFile section */
		254AE2AD28D913350019526B /* CardTableViewCell.swift in Sources */ = {isa = PBXBuildFile; fileRef = 254AE2AC28D913350019526B /* CardTableViewCell.swift */; };
		254AE2B028D914CC0019526B /* CustomCardUIView.swift in Sources */ = {isa = PBXBuildFile; fileRef = 254AE2AF28D914CC0019526B /* CustomCardUIView.swift */; };
		2561300928D80D3B00805648 /* NSAttributedString + Extension.swift in Sources */ = {isa = PBXBuildFile; fileRef = 2561300428D80D3A00805648 /* NSAttributedString + Extension.swift */; };
		2561300A28D80D3B00805648 /* UIView + Extension.swift in Sources */ = {isa = PBXBuildFile; fileRef = 2561300528D80D3A00805648 /* UIView + Extension.swift */; };
		2561300B28D80D3B00805648 /* NSTextAttachment + Extension.swift in Sources */ = {isa = PBXBuildFile; fileRef = 2561300628D80D3A00805648 /* NSTextAttachment + Extension.swift */; };
		2561300C28D80D3B00805648 /* CardViewModel.swift in Sources */ = {isa = PBXBuildFile; fileRef = 2561300828D80D3A00805648 /* CardViewModel.swift */; };
		2561300F28D80E1600805648 /* HomeViewControllerScreen.swift in Sources */ = {isa = PBXBuildFile; fileRef = 2561300E28D80E1600805648 /* HomeViewControllerScreen.swift */; };
		25737EE628D4E4FB009980D3 /* AppDelegate.swift in Sources */ = {isa = PBXBuildFile; fileRef = 25737EE528D4E4FB009980D3 /* AppDelegate.swift */; };
		25737EE828D4E4FB009980D3 /* SceneDelegate.swift in Sources */ = {isa = PBXBuildFile; fileRef = 25737EE728D4E4FB009980D3 /* SceneDelegate.swift */; };
		25737EEA28D4E4FB009980D3 /* HomeViewController.swift in Sources */ = {isa = PBXBuildFile; fileRef = 25737EE928D4E4FB009980D3 /* HomeViewController.swift */; };
		25737EEF28D4E4FD009980D3 /* Assets.xcassets in Resources */ = {isa = PBXBuildFile; fileRef = 25737EEE28D4E4FD009980D3 /* Assets.xcassets */; };
		25737EF228D4E4FD009980D3 /* LaunchScreen.storyboard in Resources */ = {isa = PBXBuildFile; fileRef = 25737EF028D4E4FD009980D3 /* LaunchScreen.storyboard */; };
/* End PBXBuildFile section */

/* Begin PBXFileReference section */
		254AE2AC28D913350019526B /* CardTableViewCell.swift */ = {isa = PBXFileReference; lastKnownFileType = sourcecode.swift; path = CardTableViewCell.swift; sourceTree = "<group>"; };
		254AE2AF28D914CC0019526B /* CustomCardUIView.swift */ = {isa = PBXFileReference; lastKnownFileType = sourcecode.swift; path = CustomCardUIView.swift; sourceTree = "<group>"; };
		254AE2B228D9164B0019526B /* UIView + Extension.swift */ = {isa = PBXFileReference; lastKnownFileType = sourcecode.swift; name = "UIView + Extension.swift"; path = "../../../../../Downloads/Imagens ViewCode Avançado/ProjetoFinal/AppMusicBF/Extension/UIView + Extension.swift"; sourceTree = "<group>"; };
		254AE2B328D9164B0019526B /* NSAttributedString + Extension.swift */ = {isa = PBXFileReference; lastKnownFileType = sourcecode.swift; name = "NSAttributedString + Extension.swift"; path = "../../../../../Downloads/Imagens ViewCode Avançado/ProjetoFinal/AppMusicBF/Extension/NSAttributedString + Extension.swift"; sourceTree = "<group>"; };
		254AE2B428D9164B0019526B /* NSTextAttachment + Extension.swift */ = {isa = PBXFileReference; lastKnownFileType = sourcecode.swift; name = "NSTextAttachment + Extension.swift"; path = "../../../../../Downloads/Imagens ViewCode Avançado/ProjetoFinal/AppMusicBF/Extension/NSTextAttachment + Extension.swift"; sourceTree = "<group>"; };
		2561300428D80D3A00805648 /* NSAttributedString + Extension.swift */ = {isa = PBXFileReference; fileEncoding = 4; lastKnownFileType = sourcecode.swift; path = "NSAttributedString + Extension.swift"; sourceTree = "<group>"; };
		2561300528D80D3A00805648 /* UIView + Extension.swift */ = {isa = PBXFileReference; fileEncoding = 4; lastKnownFileType = sourcecode.swift; path = "UIView + Extension.swift"; sourceTree = "<group>"; };
		2561300628D80D3A00805648 /* NSTextAttachment + Extension.swift */ = {isa = PBXFileReference; fileEncoding = 4; lastKnownFileType = sourcecode.swift; path = "NSTextAttachment + Extension.swift"; sourceTree = "<group>"; };
		2561300828D80D3A00805648 /* CardViewModel.swift */ = {isa = PBXFileReference; fileEncoding = 4; lastKnownFileType = sourcecode.swift; path = CardViewModel.swift; sourceTree = "<group>"; };
		2561300E28D80E1600805648 /* HomeViewControllerScreen.swift */ = {isa = PBXFileReference; lastKnownFileType = sourcecode.swift; path = HomeViewControllerScreen.swift; sourceTree = "<group>"; };
		25737EE228D4E4FB009980D3 /* AppMusicBF.app */ = {isa = PBXFileReference; explicitFileType = wrapper.application; includeInIndex = 0; path = AppMusicBF.app; sourceTree = BUILT_PRODUCTS_DIR; };
		25737EE528D4E4FB009980D3 /* AppDelegate.swift */ = {isa = PBXFileReference; lastKnownFileType = sourcecode.swift; path = AppDelegate.swift; sourceTree = "<group>"; };
		25737EE728D4E4FB009980D3 /* SceneDelegate.swift */ = {isa = PBXFileReference; lastKnownFileType = sourcecode.swift; path = SceneDelegate.swift; sourceTree = "<group>"; };
		25737EE928D4E4FB009980D3 /* HomeViewController.swift */ = {isa = PBXFileReference; lastKnownFileType = sourcecode.swift; path = HomeViewController.swift; sourceTree = "<group>"; };
		25737EEE28D4E4FD009980D3 /* Assets.xcassets */ = {isa = PBXFileReference; lastKnownFileType = folder.assetcatalog; path = Assets.xcassets; sourceTree = "<group>"; };
		25737EF128D4E4FD009980D3 /* Base */ = {isa = PBXFileReference; lastKnownFileType = file.storyboard; name = Base; path = Base.lproj/LaunchScreen.storyboard; sourceTree = "<group>"; };
		25737EF328D4E4FD009980D3 /* Info.plist */ = {isa = PBXFileReference; lastKnownFileType = text.plist.xml; path = Info.plist; sourceTree = "<group>"; };
/* End PBXFileReference section */

/* Begin PBXFrameworksBuildPhase section */
		25737EDF28D4E4FB009980D3 /* Frameworks */ = {
			isa = PBXFrameworksBuildPhase;
			buildActionMask = 2147483647;
			files = (
			);
			runOnlyForDeploymentPostprocessing = 0;
		};
/* End PBXFrameworksBuildPhase section */

/* Begin PBXGroup section */
		254AE2AA28D90FD20019526B /* Screen */ = {
			isa = PBXGroup;
			children = (
				2561300E28D80E1600805648 /* HomeViewControllerScreen.swift */,
			);
			path = Screen;
			sourceTree = "<group>";
		};
		254AE2AB28D913080019526B /* Cell */ = {
			isa = PBXGroup;
			children = (
				254AE2AC28D913350019526B /* CardTableViewCell.swift */,
			);
			path = Cell;
			sourceTree = "<group>";
		};
		254AE2AE28D914A90019526B /* CustomView */ = {
			isa = PBXGroup;
			children = (
				254AE2AF28D914CC0019526B /* CustomCardUIView.swift */,
			);
			path = CustomView;
			sourceTree = "<group>";
		};
		254AE2B128D9164B0019526B /* Extension */ = {
			isa = PBXGroup;
			children = (
				254AE2B328D9164B0019526B /* NSAttributedString + Extension.swift */,
				254AE2B228D9164B0019526B /* UIView + Extension.swift */,
				254AE2B428D9164B0019526B /* NSTextAttachment + Extension.swift */,
			);
			path = Extension;
			sourceTree = "<group>";
		};
		2561300328D80D3A00805648 /* Extension */ = {
			isa = PBXGroup;
			children = (
				2561300428D80D3A00805648 /* NSAttributedString + Extension.swift */,
				2561300528D80D3A00805648 /* UIView + Extension.swift */,
				2561300628D80D3A00805648 /* NSTextAttachment + Extension.swift */,
			);
			name = Extension;
			path = "../../../Downloads/Imagens ViewCode Avançado/ProjetoFinal/AppMusicBF/Extension";
			sourceTree = "<group>";
		};
		2561300728D80D3A00805648 /* Model */ = {
			isa = PBXGroup;
			children = (
				2561300828D80D3A00805648 /* CardViewModel.swift */,
			);
			name = Model;
			path = "../../../Downloads/Imagens ViewCode Avançado/ProjetoFinal/AppMusicBF/Model";
			sourceTree = "<group>";
		};
		2561300D28D80DE400805648 /* Home */ = {
			isa = PBXGroup;
			children = (
				254AE2B128D9164B0019526B /* Extension */,
				254AE2AA28D90FD20019526B /* Screen */,
				25737EE928D4E4FB009980D3 /* HomeViewController.swift */,
			);
			path = Home;
			sourceTree = "<group>";
		};
		25737ED928D4E4FB009980D3 = {
			isa = PBXGroup;
			children = (
				25737EE428D4E4FB009980D3 /* AppMusicBF */,
				25737EE328D4E4FB009980D3 /* Products */,
			);
			sourceTree = "<group>";
		};
		25737EE328D4E4FB009980D3 /* Products */ = {
			isa = PBXGroup;
			children = (
				25737EE228D4E4FB009980D3 /* AppMusicBF.app */,
			);
			name = Products;
			sourceTree = "<group>";
		};
		25737EE428D4E4FB009980D3 /* AppMusicBF */ = {
			isa = PBXGroup;
			children = (
				254AE2AE28D914A90019526B /* CustomView */,
				254AE2AB28D913080019526B /* Cell */,
				2561300D28D80DE400805648 /* Home */,
				25737EE528D4E4FB009980D3 /* AppDelegate.swift */,
				25737EE728D4E4FB009980D3 /* SceneDelegate.swift */,
				25737EEE28D4E4FD009980D3 /* Assets.xcassets */,
				25737EF028D4E4FD009980D3 /* LaunchScreen.storyboard */,
				25737EF328D4E4FD009980D3 /* Info.plist */,
				2561300328D80D3A00805648 /* Extension */,
				2561300728D80D3A00805648 /* Model */,
			);
			path = AppMusicBF;
			sourceTree = "<group>";
		};
/* End PBXGroup section */

/* Begin PBXNativeTarget section */
		25737EE128D4E4FB009980D3 /* AppMusicBF */ = {
			isa = PBXNativeTarget;
			buildConfigurationList = 25737EF628D4E4FD009980D3 /* Build configuration list for PBXNativeTarget "AppMusicBF" */;
			buildPhases = (
				25737EDE28D4E4FB009980D3 /* Sources */,
				25737EDF28D4E4FB009980D3 /* Frameworks */,
				25737EE028D4E4FB009980D3 /* Resources */,
			);
			buildRules = (
			);
			dependencies = (
			);
			name = AppMusicBF;
			productName = AppMusicBF;
			productReference = 25737EE228D4E4FB009980D3 /* AppMusicBF.app */;
			productType = "com.apple.product-type.application";
		};
/* End PBXNativeTarget section */

/* Begin PBXProject section */
		25737EDA28D4E4FB009980D3 /* Project object */ = {
			isa = PBXProject;
			attributes = {
				BuildIndependentTargetsInParallel = 1;
				LastSwiftUpdateCheck = 1340;
				LastUpgradeCheck = 1340;
				TargetAttributes = {
					25737EE128D4E4FB009980D3 = {
						CreatedOnToolsVersion = 13.4.1;
					};
				};
			};
			buildConfigurationList = 25737EDD28D4E4FB009980D3 /* Build configuration list for PBXProject "AppMusicBF" */;
			compatibilityVersion = "Xcode 13.0";
			developmentRegion = en;
			hasScannedForEncodings = 0;
			knownRegions = (
				en,
				Base,
			);
			mainGroup = 25737ED928D4E4FB009980D3;
			productRefGroup = 25737EE328D4E4FB009980D3 /* Products */;
			projectDirPath = "";
			projectRoot = "";
			targets = (
				25737EE128D4E4FB009980D3 /* AppMusicBF */,
			);
		};
/* End PBXProject section */

/* Begin PBXResourcesBuildPhase section */
		25737EE028D4E4FB009980D3 /* Resources */ = {
			isa = PBXResourcesBuildPhase;
			buildActionMask = 2147483647;
			files = (
				25737EF228D4E4FD009980D3 /* LaunchScreen.storyboard in Resources */,
				25737EEF28D4E4FD009980D3 /* Assets.xcassets in Resources */,
			);
			runOnlyForDeploymentPostprocessing = 0;
		};
/* End PBXResourcesBuildPhase section */

/* Begin PBXSourcesBuildPhase section */
		25737EDE28D4E4FB009980D3 /* Sources */ = {
			isa = PBXSourcesBuildPhase;
			buildActionMask = 2147483647;
			files = (
				25737EEA28D4E4FB009980D3 /* HomeViewController.swift in Sources */,
				2561300F28D80E1600805648 /* HomeViewControllerScreen.swift in Sources */,
				25737EE628D4E4FB009980D3 /* AppDelegate.swift in Sources */,
				2561300B28D80D3B00805648 /* NSTextAttachment + Extension.swift in Sources */,
				25737EE828D4E4FB009980D3 /* SceneDelegate.swift in Sources */,
				254AE2B028D914CC0019526B /* CustomCardUIView.swift in Sources */,
				2561300A28D80D3B00805648 /* UIView + Extension.swift in Sources */,
				2561300928D80D3B00805648 /* NSAttributedString + Extension.swift in Sources */,
				254AE2AD28D913350019526B /* CardTableViewCell.swift in Sources */,
				2561300C28D80D3B00805648 /* CardViewModel.swift in Sources */,
			);
			runOnlyForDeploymentPostprocessing = 0;
		};
/* End PBXSourcesBuildPhase section */

/* Begin PBXVariantGroup section */
		25737EF028D4E4FD009980D3 /* LaunchScreen.storyboard */ = {
			isa = PBXVariantGroup;
			children = (
				25737EF128D4E4FD009980D3 /* Base */,
			);
			name = LaunchScreen.storyboard;
			sourceTree = "<group>";
		};
/* End PBXVariantGroup section */

/* Begin XCBuildConfiguration section */
		25737EF428D4E4FD009980D3 /* Debug */ = {
			isa = XCBuildConfiguration;
			buildSettings = {
				ALWAYS_SEARCH_USER_PATHS = NO;
				CLANG_ANALYZER_NONNULL = YES;
				CLANG_ANALYZER_NUMBER_OBJECT_CONVERSION = YES_AGGRESSIVE;
				CLANG_CXX_LANGUAGE_STANDARD = "gnu++17";
				CLANG_ENABLE_MODULES = YES;
				CLANG_ENABLE_OBJC_ARC = YES;
				CLANG_ENABLE_OBJC_WEAK = YES;
				CLANG_WARN_BLOCK_CAPTURE_AUTORELEASING = YES;
				CLANG_WARN_BOOL_CONVERSION = YES;
				CLANG_WARN_COMMA = YES;
				CLANG_WARN_CONSTANT_CONVERSION = YES;
				CLANG_WARN_DEPRECATED_OBJC_IMPLEMENTATIONS = YES;
				CLANG_WARN_DIRECT_OBJC_ISA_USAGE = YES_ERROR;
				CLANG_WARN_DOCUMENTATION_COMMENTS = YES;
				CLANG_WARN_EMPTY_BODY = YES;
				CLANG_WARN_ENUM_CONVERSION = YES;
				CLANG_WARN_INFINITE_RECURSION = YES;
				CLANG_WARN_INT_CONVERSION = YES;
				CLANG_WARN_NON_LITERAL_NULL_CONVERSION = YES;
				CLANG_WARN_OBJC_IMPLICIT_RETAIN_SELF = YES;
				CLANG_WARN_OBJC_LITERAL_CONVERSION = YES;
				CLANG_WARN_OBJC_ROOT_CLASS = YES_ERROR;
				CLANG_WARN_QUOTED_INCLUDE_IN_FRAMEWORK_HEADER = YES;
				CLANG_WARN_RANGE_LOOP_ANALYSIS = YES;
				CLANG_WARN_STRICT_PROTOTYPES = YES;
				CLANG_WARN_SUSPICIOUS_MOVE = YES;
				CLANG_WARN_UNGUARDED_AVAILABILITY = YES_AGGRESSIVE;
				CLANG_WARN_UNREACHABLE_CODE = YES;
				CLANG_WARN__DUPLICATE_METHOD_MATCH = YES;
				COPY_PHASE_STRIP = NO;
				DEBUG_INFORMATION_FORMAT = dwarf;
				ENABLE_STRICT_OBJC_MSGSEND = YES;
				ENABLE_TESTABILITY = YES;
				GCC_C_LANGUAGE_STANDARD = gnu11;
				GCC_DYNAMIC_NO_PIC = NO;
				GCC_NO_COMMON_BLOCKS = YES;
				GCC_OPTIMIZATION_LEVEL = 0;
				GCC_PREPROCESSOR_DEFINITIONS = (
					"DEBUG=1",
					"$(inherited)",
				);
				GCC_WARN_64_TO_32_BIT_CONVERSION = YES;
				GCC_WARN_ABOUT_RETURN_TYPE = YES_ERROR;
				GCC_WARN_UNDECLARED_SELECTOR = YES;
				GCC_WARN_UNINITIALIZED_AUTOS = YES_AGGRESSIVE;
				GCC_WARN_UNUSED_FUNCTION = YES;
				GCC_WARN_UNUSED_VARIABLE = YES;
				IPHONEOS_DEPLOYMENT_TARGET = 15.5;
				MTL_ENABLE_DEBUG_INFO = INCLUDE_SOURCE;
				MTL_FAST_MATH = YES;
				ONLY_ACTIVE_ARCH = YES;
				SDKROOT = iphoneos;
				SWIFT_ACTIVE_COMPILATION_CONDITIONS = DEBUG;
				SWIFT_OPTIMIZATION_LEVEL = "-Onone";
			};
			name = Debug;
		};
		25737EF528D4E4FD009980D3 /* Release */ = {
			isa = XCBuildConfiguration;
			buildSettings = {
				ALWAYS_SEARCH_USER_PATHS = NO;
				CLANG_ANALYZER_NONNULL = YES;
				CLANG_ANALYZER_NUMBER_OBJECT_CONVERSION = YES_AGGRESSIVE;
				CLANG_CXX_LANGUAGE_STANDARD = "gnu++17";
				CLANG_ENABLE_MODULES = YES;
				CLANG_ENABLE_OBJC_ARC = YES;
				CLANG_ENABLE_OBJC_WEAK = YES;
				CLANG_WARN_BLOCK_CAPTURE_AUTORELEASING = YES;
				CLANG_WARN_BOOL_CONVERSION = YES;
				CLANG_WARN_COMMA = YES;
				CLANG_WARN_CONSTANT_CONVERSION = YES;
				CLANG_WARN_DEPRECATED_OBJC_IMPLEMENTATIONS = YES;
				CLANG_WARN_DIRECT_OBJC_ISA_USAGE = YES_ERROR;
				CLANG_WARN_DOCUMENTATION_COMMENTS = YES;
				CLANG_WARN_EMPTY_BODY = YES;
				CLANG_WARN_ENUM_CONVERSION = YES;
				CLANG_WARN_INFINITE_RECURSION = YES;
				CLANG_WARN_INT_CONVERSION = YES;
				CLANG_WARN_NON_LITERAL_NULL_CONVERSION = YES;
				CLANG_WARN_OBJC_IMPLICIT_RETAIN_SELF = YES;
				CLANG_WARN_OBJC_LITERAL_CONVERSION = YES;
				CLANG_WARN_OBJC_ROOT_CLASS = YES_ERROR;
				CLANG_WARN_QUOTED_INCLUDE_IN_FRAMEWORK_HEADER = YES;
				CLANG_WARN_RANGE_LOOP_ANALYSIS = YES;
				CLANG_WARN_STRICT_PROTOTYPES = YES;
				CLANG_WARN_SUSPICIOUS_MOVE = YES;
				CLANG_WARN_UNGUARDED_AVAILABILITY = YES_AGGRESSIVE;
				CLANG_WARN_UNREACHABLE_CODE = YES;
				CLANG_WARN__DUPLICATE_METHOD_MATCH = YES;
				COPY_PHASE_STRIP = NO;
				DEBUG_INFORMATION_FORMAT = "dwarf-with-dsym";
				ENABLE_NS_ASSERTIONS = NO;
				ENABLE_STRICT_OBJC_MSGSEND = YES;
				GCC_C_LANGUAGE_STANDARD = gnu11;
				GCC_NO_COMMON_BLOCKS = YES;
				GCC_WARN_64_TO_32_BIT_CONVERSION = YES;
				GCC_WARN_ABOUT_RETURN_TYPE = YES_ERROR;
				GCC_WARN_UNDECLARED_SELECTOR = YES;
				GCC_WARN_UNINITIALIZED_AUTOS = YES_AGGRESSIVE;
				GCC_WARN_UNUSED_FUNCTION = YES;
				GCC_WARN_UNUSED_VARIABLE = YES;
				IPHONEOS_DEPLOYMENT_TARGET = 15.5;
				MTL_ENABLE_DEBUG_INFO = NO;
				MTL_FAST_MATH = YES;
				SDKROOT = iphoneos;
				SWIFT_COMPILATION_MODE = wholemodule;
				SWIFT_OPTIMIZATION_LEVEL = "-O";
				VALIDATE_PRODUCT = YES;
			};
			name = Release;
		};
		25737EF728D4E4FD009980D3 /* Debug */ = {
			isa = XCBuildConfiguration;
			buildSettings = {
				ASSETCATALOG_COMPILER_APPICON_NAME = AppIcon;
				ASSETCATALOG_COMPILER_GLOBAL_ACCENT_COLOR_NAME = AccentColor;
				CODE_SIGN_STYLE = Automatic;
				CURRENT_PROJECT_VERSION = 1;
				GENERATE_INFOPLIST_FILE = YES;
				INFOPLIST_FILE = AppMusicBF/Info.plist;
				INFOPLIST_KEY_UIApplicationSupportsIndirectInputEvents = YES;
				INFOPLIST_KEY_UILaunchStoryboardName = LaunchScreen;
				INFOPLIST_KEY_UISupportedInterfaceOrientations_iPad = "UIInterfaceOrientationPortrait UIInterfaceOrientationPortraitUpsideDown UIInterfaceOrientationLandscapeLeft UIInterfaceOrientationLandscapeRight";
				INFOPLIST_KEY_UISupportedInterfaceOrientations_iPhone = "UIInterfaceOrientationPortrait UIInterfaceOrientationLandscapeLeft UIInterfaceOrientationLandscapeRight";
				LD_RUNPATH_SEARCH_PATHS = (
					"$(inherited)",
					"@executable_path/Frameworks",
				);
				MARKETING_VERSION = 1.0;
				PRODUCT_BUNDLE_IDENTIFIER = gwpr.AppMusicBF;
				PRODUCT_NAME = "$(TARGET_NAME)";
				SWIFT_EMIT_LOC_STRINGS = YES;
				SWIFT_VERSION = 5.0;
				TARGETED_DEVICE_FAMILY = "1,2";
			};
			name = Debug;
		};
		25737EF828D4E4FD009980D3 /* Release */ = {
			isa = XCBuildConfiguration;
			buildSettings = {
				ASSETCATALOG_COMPILER_APPICON_NAME = AppIcon;
				ASSETCATALOG_COMPILER_GLOBAL_ACCENT_COLOR_NAME = AccentColor;
				CODE_SIGN_STYLE = Automatic;
				CURRENT_PROJECT_VERSION = 1;
				GENERATE_INFOPLIST_FILE = YES;
				INFOPLIST_FILE = AppMusicBF/Info.plist;
				INFOPLIST_KEY_UIApplicationSupportsIndirectInputEvents = YES;
				INFOPLIST_KEY_UILaunchStoryboardName = LaunchScreen;
				INFOPLIST_KEY_UISupportedInterfaceOrientations_iPad = "UIInterfaceOrientationPortrait UIInterfaceOrientationPortraitUpsideDown UIInterfaceOrientationLandscapeLeft UIInterfaceOrientationLandscapeRight";
				INFOPLIST_KEY_UISupportedInterfaceOrientations_iPhone = "UIInterfaceOrientationPortrait UIInterfaceOrientationLandscapeLeft UIInterfaceOrientationLandscapeRight";
				LD_RUNPATH_SEARCH_PATHS = (
					"$(inherited)",
					"@executable_path/Frameworks",
				);
				MARKETING_VERSION = 1.0;
				PRODUCT_BUNDLE_IDENTIFIER = gwpr.AppMusicBF;
				PRODUCT_NAME = "$(TARGET_NAME)";
				SWIFT_EMIT_LOC_STRINGS = YES;
				SWIFT_VERSION = 5.0;
				TARGETED_DEVICE_FAMILY = "1,2";
			};
			name = Release;
		};
/* End XCBuildConfiguration section */

/* Begin XCConfigurationList section */
		25737EDD28D4E4FB009980D3 /* Build configuration list for PBXProject "AppMusicBF" */ = {
			isa = XCConfigurationList;
			buildConfigurations = (
				25737EF428D4E4FD009980D3 /* Debug */,
				25737EF528D4E4FD009980D3 /* Release */,
			);
			defaultConfigurationIsVisible = 0;
			defaultConfigurationName = Release;
		};
		25737EF628D4E4FD009980D3 /* Build configuration list for PBXNativeTarget "AppMusicBF" */ = {
			isa = XCConfigurationList;
			buildConfigurations = (
				25737EF728D4E4FD009980D3 /* Debug */,
				25737EF828D4E4FD009980D3 /* Release */,
			);
			defaultConfigurationIsVisible = 0;
			defaultConfigurationName = Release;
		};
/* End XCConfigurationList section */
	};
	rootObject = 25737EDA28D4E4FB009980D3 /* Project object */;
}
